
Microsoft Visual Studio Solution File, Format Version 12.00
# Visual Studio Version 17
VisualStudioVersion = 17.2.32519.379
MinimumVisualStudioVersion = 10.0.40219.1
Project("{FAE04EC0-301F-11D3-BF4B-00C04F79EFBC}") = "1020_", "1020_\1020_.csproj", "{798D30D4-75D1-4D96-8312-897B42C1879D}"
EndProject
Global
	GlobalSection(SolutionConfigurationPlatforms) = preSolution
		Debug|Any CPU = Debug|Any CPU
		Release|Any CPU = Release|Any CPU
	EndGlobalSection
	GlobalSection(ProjectConfigurationPlatforms) = postSolution
		{798D30D4-75D1-4D96-8312-897B42C1879D}.Debug|Any CPU.ActiveCfg = Debug|Any CPU
		{798D30D4-75D1-4D96-8312-897B42C1879D}.Debug|Any CPU.Build.0 = Debug|Any CPU
		{798D30D4-75D1-4D96-8312-897B42C1879D}.Release|Any CPU.ActiveCfg = Release|Any CPU
		{798D30D4-75D1-4D96-8312-897B42C1879D}.Release|Any CPU.Build.0 = Release|Any CPU
	EndGlobalSection
	GlobalSection(SolutionProperties) = preSolution
		HideSolutionNode = FALSE
	EndGlobalSection
	GlobalSection(ExtensibilityGlobals) = postSolution
		SolutionGuid = {9B815E37-77FB-4B21-A3A3-A362584B5D22}
	EndGlobalSection
EndGlobal
