
Microsoft Visual Studio Solution File, Format Version 12.00
# Visual Studio Version 17
VisualStudioVersion = 17.2.32519.379
MinimumVisualStudioVersion = 10.0.40219.1
Project("{FAE04EC0-301F-11D3-BF4B-00C04F79EFBC}") = "1013_Client", "1013_Client\1013_Client.csproj", "{EF0CA6B3-919C-42D2-B802-45790E6AC3FB}"
EndProject
Global
	GlobalSection(SolutionConfigurationPlatforms) = preSolution
		Debug|Any CPU = Debug|Any CPU
		Release|Any CPU = Release|Any CPU
	EndGlobalSection
	GlobalSection(ProjectConfigurationPlatforms) = postSolution
		{EF0CA6B3-919C-42D2-B802-45790E6AC3FB}.Debug|Any CPU.ActiveCfg = Debug|Any CPU
		{EF0CA6B3-919C-42D2-B802-45790E6AC3FB}.Debug|Any CPU.Build.0 = Debug|Any CPU
		{EF0CA6B3-919C-42D2-B802-45790E6AC3FB}.Release|Any CPU.ActiveCfg = Release|Any CPU
		{EF0CA6B3-919C-42D2-B802-45790E6AC3FB}.Release|Any CPU.Build.0 = Release|Any CPU
	EndGlobalSection
	GlobalSection(SolutionProperties) = preSolution
		HideSolutionNode = FALSE
	EndGlobalSection
	GlobalSection(ExtensibilityGlobals) = postSolution
		SolutionGuid = {6978F477-961A-4045-9725-592D749C5E84}
	EndGlobalSection
EndGlobal
