
Microsoft Visual Studio Solution File, Format Version 12.00
# Visual Studio Version 17
VisualStudioVersion = 17.2.32519.379
MinimumVisualStudioVersion = 10.0.40219.1
Project("{FAE04EC0-301F-11D3-BF4B-00C04F79EFBC}") = "1014_김지성", "1014_김지성\1014_김지성.csproj", "{978CCE06-3722-43BF-BAB1-0A8CAD599B19}"
EndProject
Global
	GlobalSection(SolutionConfigurationPlatforms) = preSolution
		Debug|Any CPU = Debug|Any CPU
		Release|Any CPU = Release|Any CPU
	EndGlobalSection
	GlobalSection(ProjectConfigurationPlatforms) = postSolution
		{978CCE06-3722-43BF-BAB1-0A8CAD599B19}.Debug|Any CPU.ActiveCfg = Debug|Any CPU
		{978CCE06-3722-43BF-BAB1-0A8CAD599B19}.Debug|Any CPU.Build.0 = Debug|Any CPU
		{978CCE06-3722-43BF-BAB1-0A8CAD599B19}.Release|Any CPU.ActiveCfg = Release|Any CPU
		{978CCE06-3722-43BF-BAB1-0A8CAD599B19}.Release|Any CPU.Build.0 = Release|Any CPU
	EndGlobalSection
	GlobalSection(SolutionProperties) = preSolution
		HideSolutionNode = FALSE
	EndGlobalSection
	GlobalSection(ExtensibilityGlobals) = postSolution
		SolutionGuid = {CB95B02D-3B0B-4DC5-9A14-6E11473473AF}
	EndGlobalSection
EndGlobal
