
Microsoft Visual Studio Solution File, Format Version 12.00
# Visual Studio Version 17
VisualStudioVersion = 17.2.32519.379
MinimumVisualStudioVersion = 10.0.40219.1
Project("{FAE04EC0-301F-11D3-BF4B-00C04F79EFBC}") = "1013_Server", "1013_Server\1013_Server.csproj", "{52F39C61-2FAA-4EB5-9449-73207A13F716}"
EndProject
Global
	GlobalSection(SolutionConfigurationPlatforms) = preSolution
		Debug|Any CPU = Debug|Any CPU
		Release|Any CPU = Release|Any CPU
	EndGlobalSection
	GlobalSection(ProjectConfigurationPlatforms) = postSolution
		{52F39C61-2FAA-4EB5-9449-73207A13F716}.Debug|Any CPU.ActiveCfg = Debug|Any CPU
		{52F39C61-2FAA-4EB5-9449-73207A13F716}.Debug|Any CPU.Build.0 = Debug|Any CPU
		{52F39C61-2FAA-4EB5-9449-73207A13F716}.Release|Any CPU.ActiveCfg = Release|Any CPU
		{52F39C61-2FAA-4EB5-9449-73207A13F716}.Release|Any CPU.Build.0 = Release|Any CPU
	EndGlobalSection
	GlobalSection(SolutionProperties) = preSolution
		HideSolutionNode = FALSE
	EndGlobalSection
	GlobalSection(ExtensibilityGlobals) = postSolution
		SolutionGuid = {CCA90DED-B5BF-428D-8E3B-D4915DBFC4D0}
	EndGlobalSection
EndGlobal
