
Microsoft Visual Studio Solution File, Format Version 12.00
# Visual Studio Version 17
VisualStudioVersion = 17.2.32519.379
MinimumVisualStudioVersion = 10.0.40219.1
Project("{FAE04EC0-301F-11D3-BF4B-00C04F79EFBC}") = "1012_회원관리프로그램", "1012_회원관리프로그램.csproj", "{C6443D2B-3FF5-4632-B5B5-DE149E137469}"
EndProject
Global
	GlobalSection(SolutionConfigurationPlatforms) = preSolution
		Debug|Any CPU = Debug|Any CPU
		Release|Any CPU = Release|Any CPU
	EndGlobalSection
	GlobalSection(ProjectConfigurationPlatforms) = postSolution
		{C6443D2B-3FF5-4632-B5B5-DE149E137469}.Debug|Any CPU.ActiveCfg = Debug|Any CPU
		{C6443D2B-3FF5-4632-B5B5-DE149E137469}.Debug|Any CPU.Build.0 = Debug|Any CPU
		{C6443D2B-3FF5-4632-B5B5-DE149E137469}.Release|Any CPU.ActiveCfg = Release|Any CPU
		{C6443D2B-3FF5-4632-B5B5-DE149E137469}.Release|Any CPU.Build.0 = Release|Any CPU
	EndGlobalSection
	GlobalSection(SolutionProperties) = preSolution
		HideSolutionNode = FALSE
	EndGlobalSection
	GlobalSection(ExtensibilityGlobals) = postSolution
		SolutionGuid = {6DFF8E96-49CE-4ECF-AF82-BD4870D4F0F1}
	EndGlobalSection
EndGlobal
