
Microsoft Visual Studio Solution File, Format Version 12.00
# Visual Studio Version 17
VisualStudioVersion = 17.2.32519.379
MinimumVisualStudioVersion = 10.0.40219.1
Project("{FAE04EC0-301F-11D3-BF4B-00C04F79EFBC}") = "1021_김지성", "1021_김지성\1021_김지성.csproj", "{CBBFEBBC-C6AC-4823-AA2D-89923AA06758}"
EndProject
Global
	GlobalSection(SolutionConfigurationPlatforms) = preSolution
		Debug|Any CPU = Debug|Any CPU
		Release|Any CPU = Release|Any CPU
	EndGlobalSection
	GlobalSection(ProjectConfigurationPlatforms) = postSolution
		{CBBFEBBC-C6AC-4823-AA2D-89923AA06758}.Debug|Any CPU.ActiveCfg = Debug|Any CPU
		{CBBFEBBC-C6AC-4823-AA2D-89923AA06758}.Debug|Any CPU.Build.0 = Debug|Any CPU
		{CBBFEBBC-C6AC-4823-AA2D-89923AA06758}.Release|Any CPU.ActiveCfg = Release|Any CPU
		{CBBFEBBC-C6AC-4823-AA2D-89923AA06758}.Release|Any CPU.Build.0 = Release|Any CPU
	EndGlobalSection
	GlobalSection(SolutionProperties) = preSolution
		HideSolutionNode = FALSE
	EndGlobalSection
	GlobalSection(ExtensibilityGlobals) = postSolution
		SolutionGuid = {C9C9968B-4CCF-4594-97D0-A49020548A53}
	EndGlobalSection
EndGlobal
